
Microsoft Visual Studio Solution File, Format Version 12.00
# Visual Studio Version 16
VisualStudioVersion = 16.0.30011.22
MinimumVisualStudioVersion = 10.0.40219.1
Project("{FAE04EC0-301F-11D3-BF4B-00C04F79EFBC}") = "EFCoreDemo", "EFCoreDemo\EFCoreDemo.csproj", "{4A3324A0-8E1F-44B9-A23A-FE583C49EE86}"
EndProject
Global
	GlobalSection(SolutionConfigurationPlatforms) = preSolution
		Debug|Any CPU = Debug|Any CPU
		Release|Any CPU = Release|Any CPU
	EndGlobalSection
	GlobalSection(ProjectConfigurationPlatforms) = postSolution
		{4A3324A0-8E1F-44B9-A23A-FE583C49EE86}.Debug|Any CPU.ActiveCfg = Debug|Any CPU
		{4A3324A0-8E1F-44B9-A23A-FE583C49EE86}.Debug|Any CPU.Build.0 = Debug|Any CPU
		{4A3324A0-8E1F-44B9-A23A-FE583C49EE86}.Release|Any CPU.ActiveCfg = Release|Any CPU
		{4A3324A0-8E1F-44B9-A23A-FE583C49EE86}.Release|Any CPU.Build.0 = Release|Any CPU
	EndGlobalSection
	GlobalSection(SolutionProperties) = preSolution
		HideSolutionNode = FALSE
	EndGlobalSection
	GlobalSection(ExtensibilityGlobals) = postSolution
		SolutionGuid = {175D5BC7-520C-40BE-BD39-94DC1406F72C}
	EndGlobalSection
EndGlobal
